
Microsoft Visual Studio Solution File, Format Version 12.00
# Visual Studio Version 16
VisualStudioVersion = 16.0.29418.71
MinimumVisualStudioVersion = 10.0.40219.1
Project("{F184B08F-C81C-45F6-A57F-5ABD9991F28F}") = "OutsourcingV2", "OutsourcingV2\OutsourcingV2.vbproj", "{FEB868F3-C58F-42DA-8C21-7EBA1758991E}"
EndProject
Global
	GlobalSection(SolutionConfigurationPlatforms) = preSolution
		Debug|Any CPU = Debug|Any CPU
		Release|Any CPU = Release|Any CPU
	EndGlobalSection
	GlobalSection(ProjectConfigurationPlatforms) = postSolution
		{FEB868F3-C58F-42DA-8C21-7EBA1758991E}.Debug|Any CPU.ActiveCfg = Debug|Any CPU
		{FEB868F3-C58F-42DA-8C21-7EBA1758991E}.Debug|Any CPU.Build.0 = Debug|Any CPU
		{FEB868F3-C58F-42DA-8C21-7EBA1758991E}.Release|Any CPU.ActiveCfg = Release|Any CPU
		{FEB868F3-C58F-42DA-8C21-7EBA1758991E}.Release|Any CPU.Build.0 = Release|Any CPU
	EndGlobalSection
	GlobalSection(SolutionProperties) = preSolution
		HideSolutionNode = FALSE
	EndGlobalSection
	GlobalSection(ExtensibilityGlobals) = postSolution
		SolutionGuid = {30D81BFF-36B3-4E2B-9D56-FBB79F10BE4C}
	EndGlobalSection
EndGlobal
